// !$*UTF8*$!
{
	archiveVersion = 1;
	classes = {
	};
	objectVersion = 46;
	objects = {

/* Begin PBXBuildFile section */
		9F8816701E8C198E006C5C26 /* main.m in Sources */ = {isa = PBXBuildFile; fileRef = 9F88166F1E8C198E006C5C26 /* main.m */; };
		9F8816731E8C198E006C5C26 /* AppDelegate.m in Sources */ = {isa = PBXBuildFile; fileRef = 9F8816721E8C198E006C5C26 /* AppDelegate.m */; };
		9F8816761E8C198E006C5C26 /* ViewController.m in Sources */ = {isa = PBXBuildFile; fileRef = 9F8816751E8C198E006C5C26 /* ViewController.m */; };
		9F8816791E8C198E006C5C26 /* Main.storyboard in Resources */ = {isa = PBXBuildFile; fileRef = 9F8816771E8C198E006C5C26 /* Main.storyboard */; };
		9F88167B1E8C198E006C5C26 /* Assets.xcassets in Resources */ = {isa = PBXBuildFile; fileRef = 9F88167A1E8C198E006C5C26 /* Assets.xcassets */; };
		9F88167E1E8C198E006C5C26 /* LaunchScreen.storyboard in Resources */ = {isa = PBXBuildFile; fileRef = 9F88167C1E8C198E006C5C26 /* LaunchScreen.storyboard */; };
		9F8816891E8C198E006C5C26 /* WZPageViewExampleTests.m in Sources */ = {isa = PBXBuildFile; fileRef = 9F8816881E8C198E006C5C26 /* WZPageViewExampleTests.m */; };
		9F8816941E8C198E006C5C26 /* WZPageViewExampleUITests.m in Sources */ = {isa = PBXBuildFile; fileRef = 9F8816931E8C198E006C5C26 /* WZPageViewExampleUITests.m */; };
		9F8816AC1E8C19A7006C5C26 /* UIView+WZFrame.m in Sources */ = {isa = PBXBuildFile; fileRef = 9F8816A31E8C19A7006C5C26 /* UIView+WZFrame.m */; };
		9F8816AD1E8C19A7006C5C26 /* WZContentView.m in Sources */ = {isa = PBXBuildFile; fileRef = 9F8816A51E8C19A7006C5C26 /* WZContentView.m */; };
		9F8816AE1E8C19A7006C5C26 /* WZPageStyle.m in Sources */ = {isa = PBXBuildFile; fileRef = 9F8816A71E8C19A7006C5C26 /* WZPageStyle.m */; };
		9F8816AF1E8C19A7006C5C26 /* WZPageView.m in Sources */ = {isa = PBXBuildFile; fileRef = 9F8816A91E8C19A7006C5C26 /* WZPageView.m */; };
		9F8816B01E8C19A7006C5C26 /* WZTitleView.m in Sources */ = {isa = PBXBuildFile; fileRef = 9F8816AB1E8C19A7006C5C26 /* WZTitleView.m */; };
/* End PBXBuildFile section */

/* Begin PBXContainerItemProxy section */
		9F8816851E8C198E006C5C26 /* PBXContainerItemProxy */ = {
			isa = PBXContainerItemProxy;
			containerPortal = 9F8816631E8C198E006C5C26 /* Project object */;
			proxyType = 1;
			remoteGlobalIDString = 9F88166A1E8C198E006C5C26;
			remoteInfo = WZPageViewExample;
		};
		9F8816901E8C198E006C5C26 /* PBXContainerItemProxy */ = {
			isa = PBXContainerItemProxy;
			containerPortal = 9F8816631E8C198E006C5C26 /* Project object */;
			proxyType = 1;
			remoteGlobalIDString = 9F88166A1E8C198E006C5C26;
			remoteInfo = WZPageViewExample;
		};
/* End PBXContainerItemProxy section */

/* Begin PBXFileReference section */
		9F88166B1E8C198E006C5C26 /* WZPageViewExample.app */ = {isa = PBXFileReference; explicitFileType = wrapper.application; includeInIndex = 0; path = WZPageViewExample.app; sourceTree = BUILT_PRODUCTS_DIR; };
		9F88166F1E8C198E006C5C26 /* main.m */ = {isa = PBXFileReference; lastKnownFileType = sourcecode.c.objc; path = main.m; sourceTree = "<group>"; };
		9F8816711E8C198E006C5C26 /* AppDelegate.h */ = {isa = PBXFileReference; lastKnownFileType = sourcecode.c.h; path = AppDelegate.h; sourceTree = "<group>"; };
		9F8816721E8C198E006C5C26 /* AppDelegate.m */ = {isa = PBXFileReference; lastKnownFileType = sourcecode.c.objc; path = AppDelegate.m; sourceTree = "<group>"; };
		9F8816741E8C198E006C5C26 /* ViewController.h */ = {isa = PBXFileReference; lastKnownFileType = sourcecode.c.h; path = ViewController.h; sourceTree = "<group>"; };
		9F8816751E8C198E006C5C26 /* ViewController.m */ = {isa = PBXFileReference; lastKnownFileType = sourcecode.c.objc; path = ViewController.m; sourceTree = "<group>"; };
		9F8816781E8C198E006C5C26 /* Base */ = {isa = PBXFileReference; lastKnownFileType = file.storyboard; name = Base; path = Base.lproj/Main.storyboard; sourceTree = "<group>"; };
		9F88167A1E8C198E006C5C26 /* Assets.xcassets */ = {isa = PBXFileReference; lastKnownFileType = folder.assetcatalog; path = Assets.xcassets; sourceTree = "<group>"; };
		9F88167D1E8C198E006C5C26 /* Base */ = {isa = PBXFileReference; lastKnownFileType = file.storyboard; name = Base; path = Base.lproj/LaunchScreen.storyboard; sourceTree = "<group>"; };
		9F88167F1E8C198E006C5C26 /* Info.plist */ = {isa = PBXFileReference; lastKnownFileType = text.plist.xml; path = Info.plist; sourceTree = "<group>"; };
		9F8816841E8C198E006C5C26 /* WZPageViewExampleTests.xctest */ = {isa = PBXFileReference; explicitFileType = wrapper.cfbundle; includeInIndex = 0; path = WZPageViewExampleTests.xctest; sourceTree = BUILT_PRODUCTS_DIR; };
		9F8816881E8C198E006C5C26 /* WZPageViewExampleTests.m */ = {isa = PBXFileReference; lastKnownFileType = sourcecode.c.objc; path = WZPageViewExampleTests.m; sourceTree = "<group>"; };
		9F88168A1E8C198E006C5C26 /* Info.plist */ = {isa = PBXFileReference; lastKnownFileType = text.plist.xml; path = Info.plist; sourceTree = "<group>"; };
		9F88168F1E8C198E006C5C26 /* WZPageViewExampleUITests.xctest */ = {isa = PBXFileReference; explicitFileType = wrapper.cfbundle; includeInIndex = 0; path = WZPageViewExampleUITests.xctest; sourceTree = BUILT_PRODUCTS_DIR; };
		9F8816931E8C198E006C5C26 /* WZPageViewExampleUITests.m */ = {isa = PBXFileReference; lastKnownFileType = sourcecode.c.objc; path = WZPageViewExampleUITests.m; sourceTree = "<group>"; };
		9F8816951E8C198E006C5C26 /* Info.plist */ = {isa = PBXFileReference; lastKnownFileType = text.plist.xml; path = Info.plist; sourceTree = "<group>"; };
		9F8816A21E8C19A7006C5C26 /* UIView+WZFrame.h */ = {isa = PBXFileReference; fileEncoding = 4; lastKnownFileType = sourcecode.c.h; path = "UIView+WZFrame.h"; sourceTree = "<group>"; };
		9F8816A31E8C19A7006C5C26 /* UIView+WZFrame.m */ = {isa = PBXFileReference; fileEncoding = 4; lastKnownFileType = sourcecode.c.objc; path = "UIView+WZFrame.m"; sourceTree = "<group>"; };
		9F8816A41E8C19A7006C5C26 /* WZContentView.h */ = {isa = PBXFileReference; fileEncoding = 4; lastKnownFileType = sourcecode.c.h; path = WZContentView.h; sourceTree = "<group>"; };
		9F8816A51E8C19A7006C5C26 /* WZContentView.m */ = {isa = PBXFileReference; fileEncoding = 4; lastKnownFileType = sourcecode.c.objc; path = WZContentView.m; sourceTree = "<group>"; };
		9F8816A61E8C19A7006C5C26 /* WZPageStyle.h */ = {isa = PBXFileReference; fileEncoding = 4; lastKnownFileType = sourcecode.c.h; path = WZPageStyle.h; sourceTree = "<group>"; };
		9F8816A71E8C19A7006C5C26 /* WZPageStyle.m */ = {isa = PBXFileReference; fileEncoding = 4; lastKnownFileType = sourcecode.c.objc; path = WZPageStyle.m; sourceTree = "<group>"; };
		9F8816A81E8C19A7006C5C26 /* WZPageView.h */ = {isa = PBXFileReference; fileEncoding = 4; lastKnownFileType = sourcecode.c.h; path = WZPageView.h; sourceTree = "<group>"; };
		9F8816A91E8C19A7006C5C26 /* WZPageView.m */ = {isa = PBXFileReference; fileEncoding = 4; lastKnownFileType = sourcecode.c.objc; path = WZPageView.m; sourceTree = "<group>"; };
		9F8816AA1E8C19A7006C5C26 /* WZTitleView.h */ = {isa = PBXFileReference; fileEncoding = 4; lastKnownFileType = sourcecode.c.h; path = WZTitleView.h; sourceTree = "<group>"; };
		9F8816AB1E8C19A7006C5C26 /* WZTitleView.m */ = {isa = PBXFileReference; fileEncoding = 4; lastKnownFileType = sourcecode.c.objc; path = WZTitleView.m; sourceTree = "<group>"; };
/* End PBXFileReference section */

/* Begin PBXFrameworksBuildPhase section */
		9F8816681E8C198E006C5C26 /* Frameworks */ = {
			isa = PBXFrameworksBuildPhase;
			buildActionMask = 2147483647;
			files = (
			);
			runOnlyForDeploymentPostprocessing = 0;
		};
		9F8816811E8C198E006C5C26 /* Frameworks */ = {
			isa = PBXFrameworksBuildPhase;
			buildActionMask = 2147483647;
			files = (
			);
			runOnlyForDeploymentPostprocessing = 0;
		};
		9F88168C1E8C198E006C5C26 /* Frameworks */ = {
			isa = PBXFrameworksBuildPhase;
			buildActionMask = 2147483647;
			files = (
			);
			runOnlyForDeploymentPostprocessing = 0;
		};
/* End PBXFrameworksBuildPhase section */

/* Begin PBXGroup section */
		9F8816621E8C198E006C5C26 = {
			isa = PBXGroup;
			children = (
				9F88166D1E8C198E006C5C26 /* WZPageViewExample */,
				9F8816871E8C198E006C5C26 /* WZPageViewExampleTests */,
				9F8816921E8C198E006C5C26 /* WZPageViewExampleUITests */,
				9F88166C1E8C198E006C5C26 /* Products */,
			);
			sourceTree = "<group>";
		};
		9F88166C1E8C198E006C5C26 /* Products */ = {
			isa = PBXGroup;
			children = (
				9F88166B1E8C198E006C5C26 /* WZPageViewExample.app */,
				9F8816841E8C198E006C5C26 /* WZPageViewExampleTests.xctest */,
				9F88168F1E8C198E006C5C26 /* WZPageViewExampleUITests.xctest */,
			);
			name = Products;
			sourceTree = "<group>";
		};
		9F88166D1E8C198E006C5C26 /* WZPageViewExample */ = {
			isa = PBXGroup;
			children = (
				9F8816A11E8C19A7006C5C26 /* Classes */,
				9F8816711E8C198E006C5C26 /* AppDelegate.h */,
				9F8816721E8C198E006C5C26 /* AppDelegate.m */,
				9F8816741E8C198E006C5C26 /* ViewController.h */,
				9F8816751E8C198E006C5C26 /* ViewController.m */,
				9F8816771E8C198E006C5C26 /* Main.storyboard */,
				9F88167A1E8C198E006C5C26 /* Assets.xcassets */,
				9F88167C1E8C198E006C5C26 /* LaunchScreen.storyboard */,
				9F88167F1E8C198E006C5C26 /* Info.plist */,
				9F88166E1E8C198E006C5C26 /* Supporting Files */,
			);
			path = WZPageViewExample;
			sourceTree = "<group>";
		};
		9F88166E1E8C198E006C5C26 /* Supporting Files */ = {
			isa = PBXGroup;
			children = (
				9F88166F1E8C198E006C5C26 /* main.m */,
			);
			name = "Supporting Files";
			sourceTree = "<group>";
		};
		9F8816871E8C198E006C5C26 /* WZPageViewExampleTests */ = {
			isa = PBXGroup;
			children = (
				9F8816881E8C198E006C5C26 /* WZPageViewExampleTests.m */,
				9F88168A1E8C198E006C5C26 /* Info.plist */,
			);
			path = WZPageViewExampleTests;
			sourceTree = "<group>";
		};
		9F8816921E8C198E006C5C26 /* WZPageViewExampleUITests */ = {
			isa = PBXGroup;
			children = (
				9F8816931E8C198E006C5C26 /* WZPageViewExampleUITests.m */,
				9F8816951E8C198E006C5C26 /* Info.plist */,
			);
			path = WZPageViewExampleUITests;
			sourceTree = "<group>";
		};
		9F8816A11E8C19A7006C5C26 /* Classes */ = {
			isa = PBXGroup;
			children = (
				9F8816A21E8C19A7006C5C26 /* UIView+WZFrame.h */,
				9F8816A31E8C19A7006C5C26 /* UIView+WZFrame.m */,
				9F8816A41E8C19A7006C5C26 /* WZContentView.h */,
				9F8816A51E8C19A7006C5C26 /* WZContentView.m */,
				9F8816A61E8C19A7006C5C26 /* WZPageStyle.h */,
				9F8816A71E8C19A7006C5C26 /* WZPageStyle.m */,
				9F8816A81E8C19A7006C5C26 /* WZPageView.h */,
				9F8816A91E8C19A7006C5C26 /* WZPageView.m */,
				9F8816AA1E8C19A7006C5C26 /* WZTitleView.h */,
				9F8816AB1E8C19A7006C5C26 /* WZTitleView.m */,
			);
			path = Classes;
			sourceTree = "<group>";
		};
/* End PBXGroup section */

/* Begin PBXNativeTarget section */
		9F88166A1E8C198E006C5C26 /* WZPageViewExample */ = {
			isa = PBXNativeTarget;
			buildConfigurationList = 9F8816981E8C198E006C5C26 /* Build configuration list for PBXNativeTarget "WZPageViewExample" */;
			buildPhases = (
				9F8816671E8C198E006C5C26 /* Sources */,
				9F8816681E8C198E006C5C26 /* Frameworks */,
				9F8816691E8C198E006C5C26 /* Resources */,
			);
			buildRules = (
			);
			dependencies = (
			);
			name = WZPageViewExample;
			productName = WZPageViewExample;
			productReference = 9F88166B1E8C198E006C5C26 /* WZPageViewExample.app */;
			productType = "com.apple.product-type.application";
		};
		9F8816831E8C198E006C5C26 /* WZPageViewExampleTests */ = {
			isa = PBXNativeTarget;
			buildConfigurationList = 9F88169B1E8C198E006C5C26 /* Build configuration list for PBXNativeTarget "WZPageViewExampleTests" */;
			buildPhases = (
				9F8816801E8C198E006C5C26 /* Sources */,
				9F8816811E8C198E006C5C26 /* Frameworks */,
				9F8816821E8C198E006C5C26 /* Resources */,
			);
			buildRules = (
			);
			dependencies = (
				9F8816861E8C198E006C5C26 /* PBXTargetDependency */,
			);
			name = WZPageViewExampleTests;
			productName = WZPageViewExampleTests;
			productReference = 9F8816841E8C198E006C5C26 /* WZPageViewExampleTests.xctest */;
			productType = "com.apple.product-type.bundle.unit-test";
		};
		9F88168E1E8C198E006C5C26 /* WZPageViewExampleUITests */ = {
			isa = PBXNativeTarget;
			buildConfigurationList = 9F88169E1E8C198E006C5C26 /* Build configuration list for PBXNativeTarget "WZPageViewExampleUITests" */;
			buildPhases = (
				9F88168B1E8C198E006C5C26 /* Sources */,
				9F88168C1E8C198E006C5C26 /* Frameworks */,
				9F88168D1E8C198E006C5C26 /* Resources */,
			);
			buildRules = (
			);
			dependencies = (
				9F8816911E8C198E006C5C26 /* PBXTargetDependency */,
			);
			name = WZPageViewExampleUITests;
			productName = WZPageViewExampleUITests;
			productReference = 9F88168F1E8C198E006C5C26 /* WZPageViewExampleUITests.xctest */;
			productType = "com.apple.product-type.bundle.ui-testing";
		};
/* End PBXNativeTarget section */

/* Begin PBXProject section */
		9F8816631E8C198E006C5C26 /* Project object */ = {
			isa = PBXProject;
			attributes = {
				LastUpgradeCheck = 0830;
				ORGANIZATIONNAME = Trance;
				TargetAttributes = {
					9F88166A1E8C198E006C5C26 = {
						CreatedOnToolsVersion = 8.3;
						ProvisioningStyle = Automatic;
					};
					9F8816831E8C198E006C5C26 = {
						CreatedOnToolsVersion = 8.3;
						ProvisioningStyle = Automatic;
						TestTargetID = 9F88166A1E8C198E006C5C26;
					};
					9F88168E1E8C198E006C5C26 = {
						CreatedOnToolsVersion = 8.3;
						ProvisioningStyle = Automatic;
						TestTargetID = 9F88166A1E8C198E006C5C26;
					};
				};
			};
			buildConfigurationList = 9F8816661E8C198E006C5C26 /* Build configuration list for PBXProject "WZPageViewExample" */;
			compatibilityVersion = "Xcode 3.2";
			developmentRegion = English;
			hasScannedForEncodings = 0;
			knownRegions = (
				en,
				Base,
			);
			mainGroup = 9F8816621E8C198E006C5C26;
			productRefGroup = 9F88166C1E8C198E006C5C26 /* Products */;
			projectDirPath = "";
			projectRoot = "";
			targets = (
				9F88166A1E8C198E006C5C26 /* WZPageViewExample */,
				9F8816831E8C198E006C5C26 /* WZPageViewExampleTests */,
				9F88168E1E8C198E006C5C26 /* WZPageViewExampleUITests */,
			);
		};
/* End PBXProject section */

/* Begin PBXResourcesBuildPhase section */
		9F8816691E8C198E006C5C26 /* Resources */ = {
			isa = PBXResourcesBuildPhase;
			buildActionMask = 2147483647;
			files = (
				9F88167E1E8C198E006C5C26 /* LaunchScreen.storyboard in Resources */,
				9F88167B1E8C198E006C5C26 /* Assets.xcassets in Resources */,
				9F8816791E8C198E006C5C26 /* Main.storyboard in Resources */,
			);
			runOnlyForDeploymentPostprocessing = 0;
		};
		9F8816821E8C198E006C5C26 /* Resources */ = {
			isa = PBXResourcesBuildPhase;
			buildActionMask = 2147483647;
			files = (
			);
			runOnlyForDeploymentPostprocessing = 0;
		};
		9F88168D1E8C198E006C5C26 /* Resources */ = {
			isa = PBXResourcesBuildPhase;
			buildActionMask = 2147483647;
			files = (
			);
			runOnlyForDeploymentPostprocessing = 0;
		};
/* End PBXResourcesBuildPhase section */

/* Begin PBXSourcesBuildPhase section */
		9F8816671E8C198E006C5C26 /* Sources */ = {
			isa = PBXSourcesBuildPhase;
			buildActionMask = 2147483647;
			files = (
				9F8816761E8C198E006C5C26 /* ViewController.m in Sources */,
				9F8816AE1E8C19A7006C5C26 /* WZPageStyle.m in Sources */,
				9F8816731E8C198E006C5C26 /* AppDelegate.m in Sources */,
				9F8816701E8C198E006C5C26 /* main.m in Sources */,
				9F8816AD1E8C19A7006C5C26 /* WZContentView.m in Sources */,
				9F8816AF1E8C19A7006C5C26 /* WZPageView.m in Sources */,
				9F8816B01E8C19A7006C5C26 /* WZTitleView.m in Sources */,
				9F8816AC1E8C19A7006C5C26 /* UIView+WZFrame.m in Sources */,
			);
			runOnlyForDeploymentPostprocessing = 0;
		};
		9F8816801E8C198E006C5C26 /* Sources */ = {
			isa = PBXSourcesBuildPhase;
			buildActionMask = 2147483647;
			files = (
				9F8816891E8C198E006C5C26 /* WZPageViewExampleTests.m in Sources */,
			);
			runOnlyForDeploymentPostprocessing = 0;
		};
		9F88168B1E8C198E006C5C26 /* Sources */ = {
			isa = PBXSourcesBuildPhase;
			buildActionMask = 2147483647;
			files = (
				9F8816941E8C198E006C5C26 /* WZPageViewExampleUITests.m in Sources */,
			);
			runOnlyForDeploymentPostprocessing = 0;
		};
/* End PBXSourcesBuildPhase section */

/* Begin PBXTargetDependency section */
		9F8816861E8C198E006C5C26 /* PBXTargetDependency */ = {
			isa = PBXTargetDependency;
			target = 9F88166A1E8C198E006C5C26 /* WZPageViewExample */;
			targetProxy = 9F8816851E8C198E006C5C26 /* PBXContainerItemProxy */;
		};
		9F8816911E8C198E006C5C26 /* PBXTargetDependency */ = {
			isa = PBXTargetDependency;
			target = 9F88166A1E8C198E006C5C26 /* WZPageViewExample */;
			targetProxy = 9F8816901E8C198E006C5C26 /* PBXContainerItemProxy */;
		};
/* End PBXTargetDependency section */

/* Begin PBXVariantGroup section */
		9F8816771E8C198E006C5C26 /* Main.storyboard */ = {
			isa = PBXVariantGroup;
			children = (
				9F8816781E8C198E006C5C26 /* Base */,
			);
			name = Main.storyboard;
			sourceTree = "<group>";
		};
		9F88167C1E8C198E006C5C26 /* LaunchScreen.storyboard */ = {
			isa = PBXVariantGroup;
			children = (
				9F88167D1E8C198E006C5C26 /* Base */,
			);
			name = LaunchScreen.storyboard;
			sourceTree = "<group>";
		};
/* End PBXVariantGroup section */

/* Begin XCBuildConfiguration section */
		9F8816961E8C198E006C5C26 /* Debug */ = {
			isa = XCBuildConfiguration;
			buildSettings = {
				ALWAYS_SEARCH_USER_PATHS = NO;
				CLANG_ANALYZER_NONNULL = YES;
				CLANG_ANALYZER_NUMBER_OBJECT_CONVERSION = YES_AGGRESSIVE;
				CLANG_CXX_LANGUAGE_STANDARD = "gnu++0x";
				CLANG_CXX_LIBRARY = "libc++";
				CLANG_ENABLE_MODULES = YES;
				CLANG_ENABLE_OBJC_ARC = YES;
				CLANG_WARN_BOOL_CONVERSION = YES;
				CLANG_WARN_CONSTANT_CONVERSION = YES;
				CLANG_WARN_DIRECT_OBJC_ISA_USAGE = YES_ERROR;
				CLANG_WARN_DOCUMENTATION_COMMENTS = YES;
				CLANG_WARN_EMPTY_BODY = YES;
				CLANG_WARN_ENUM_CONVERSION = YES;
				CLANG_WARN_INFINITE_RECURSION = YES;
				CLANG_WARN_INT_CONVERSION = YES;
				CLANG_WARN_OBJC_ROOT_CLASS = YES_ERROR;
				CLANG_WARN_SUSPICIOUS_MOVE = YES;
				CLANG_WARN_UNREACHABLE_CODE = YES;
				CLANG_WARN__DUPLICATE_METHOD_MATCH = YES;
				"CODE_SIGN_IDENTITY[sdk=iphoneos*]" = "iPhone Developer";
				COPY_PHASE_STRIP = NO;
				DEBUG_INFORMATION_FORMAT = dwarf;
				ENABLE_STRICT_OBJC_MSGSEND = YES;
				ENABLE_TESTABILITY = YES;
				GCC_C_LANGUAGE_STANDARD = gnu99;
				GCC_DYNAMIC_NO_PIC = NO;
				GCC_NO_COMMON_BLOCKS = YES;
				GCC_OPTIMIZATION_LEVEL = 0;
				GCC_PREPROCESSOR_DEFINITIONS = (
					"DEBUG=1",
					"$(inherited)",
				);
				GCC_WARN_64_TO_32_BIT_CONVERSION = YES;
				GCC_WARN_ABOUT_RETURN_TYPE = YES_ERROR;
				GCC_WARN_UNDECLARED_SELECTOR = YES;
				GCC_WARN_UNINITIALIZED_AUTOS = YES_AGGRESSIVE;
				GCC_WARN_UNUSED_FUNCTION = YES;
				GCC_WARN_UNUSED_VARIABLE = YES;
				IPHONEOS_DEPLOYMENT_TARGET = 10.3;
				MTL_ENABLE_DEBUG_INFO = YES;
				ONLY_ACTIVE_ARCH = YES;
				SDKROOT = iphoneos;
			};
			name = Debug;
		};
		9F8816971E8C198E006C5C26 /* Release */ = {
			isa = XCBuildConfiguration;
			buildSettings = {
				ALWAYS_SEARCH_USER_PATHS = NO;
				CLANG_ANALYZER_NONNULL = YES;
				CLANG_ANALYZER_NUMBER_OBJECT_CONVERSION = YES_AGGRESSIVE;
				CLANG_CXX_LANGUAGE_STANDARD = "gnu++0x";
				CLANG_CXX_LIBRARY = "libc++";
				CLANG_ENABLE_MODULES = YES;
				CLANG_ENABLE_OBJC_ARC = YES;
				CLANG_WARN_BOOL_CONVERSION = YES;
				CLANG_WARN_CONSTANT_CONVERSION = YES;
				CLANG_WARN_DIRECT_OBJC_ISA_USAGE = YES_ERROR;
				CLANG_WARN_DOCUMENTATION_COMMENTS = YES;
				CLANG_WARN_EMPTY_BODY = YES;
				CLANG_WARN_ENUM_CONVERSION = YES;
				CLANG_WARN_INFINITE_RECURSION = YES;
				CLANG_WARN_INT_CONVERSION = YES;
				CLANG_WARN_OBJC_ROOT_CLASS = YES_ERROR;
				CLANG_WARN_SUSPICIOUS_MOVE = YES;
				CLANG_WARN_UNREACHABLE_CODE = YES;
				CLANG_WARN__DUPLICATE_METHOD_MATCH = YES;
				"CODE_SIGN_IDENTITY[sdk=iphoneos*]" = "iPhone Developer";
				COPY_PHASE_STRIP = NO;
				DEBUG_INFORMATION_FORMAT = "dwarf-with-dsym";
				ENABLE_NS_ASSERTIONS = NO;
				ENABLE_STRICT_OBJC_MSGSEND = YES;
				GCC_C_LANGUAGE_STANDARD = gnu99;
				GCC_NO_COMMON_BLOCKS = YES;
				GCC_WARN_64_TO_32_BIT_CONVERSION = YES;
				GCC_WARN_ABOUT_RETURN_TYPE = YES_ERROR;
				GCC_WARN_UNDECLARED_SELECTOR = YES;
				GCC_WARN_UNINITIALIZED_AUTOS = YES_AGGRESSIVE;
				GCC_WARN_UNUSED_FUNCTION = YES;
				GCC_WARN_UNUSED_VARIABLE = YES;
				IPHONEOS_DEPLOYMENT_TARGET = 10.3;
				MTL_ENABLE_DEBUG_INFO = NO;
				SDKROOT = iphoneos;
				VALIDATE_PRODUCT = YES;
			};
			name = Release;
		};
		9F8816991E8C198E006C5C26 /* Debug */ = {
			isa = XCBuildConfiguration;
			buildSettings = {
				ASSETCATALOG_COMPILER_APPICON_NAME = AppIcon;
				INFOPLIST_FILE = WZPageViewExample/Info.plist;
				LD_RUNPATH_SEARCH_PATHS = "$(inherited) @executable_path/Frameworks";
				PRODUCT_BUNDLE_IDENTIFIER = WZ.WZPageViewExample;
				PRODUCT_NAME = "$(TARGET_NAME)";
			};
			name = Debug;
		};
		9F88169A1E8C198E006C5C26 /* Release */ = {
			isa = XCBuildConfiguration;
			buildSettings = {
				ASSETCATALOG_COMPILER_APPICON_NAME = AppIcon;
				INFOPLIST_FILE = WZPageViewExample/Info.plist;
				LD_RUNPATH_SEARCH_PATHS = "$(inherited) @executable_path/Frameworks";
				PRODUCT_BUNDLE_IDENTIFIER = WZ.WZPageViewExample;
				PRODUCT_NAME = "$(TARGET_NAME)";
			};
			name = Release;
		};
		9F88169C1E8C198E006C5C26 /* Debug */ = {
			isa = XCBuildConfiguration;
			buildSettings = {
				BUNDLE_LOADER = "$(TEST_HOST)";
				INFOPLIST_FILE = WZPageViewExampleTests/Info.plist;
				LD_RUNPATH_SEARCH_PATHS = "$(inherited) @executable_path/Frameworks @loader_path/Frameworks";
				PRODUCT_BUNDLE_IDENTIFIER = WZ.WZPageViewExampleTests;
				PRODUCT_NAME = "$(TARGET_NAME)";
				TEST_HOST = "$(BUILT_PRODUCTS_DIR)/WZPageViewExample.app/WZPageViewExample";
			};
			name = Debug;
		};
		9F88169D1E8C198E006C5C26 /* Release */ = {
			isa = XCBuildConfiguration;
			buildSettings = {
				BUNDLE_LOADER = "$(TEST_HOST)";
				INFOPLIST_FILE = WZPageViewExampleTests/Info.plist;
				LD_RUNPATH_SEARCH_PATHS = "$(inherited) @executable_path/Frameworks @loader_path/Frameworks";
				PRODUCT_BUNDLE_IDENTIFIER = WZ.WZPageViewExampleTests;
				PRODUCT_NAME = "$(TARGET_NAME)";
				TEST_HOST = "$(BUILT_PRODUCTS_DIR)/WZPageViewExample.app/WZPageViewExample";
			};
			name = Release;
		};
		9F88169F1E8C198E006C5C26 /* Debug */ = {
			isa = XCBuildConfiguration;
			buildSettings = {
				INFOPLIST_FILE = WZPageViewExampleUITests/Info.plist;
				LD_RUNPATH_SEARCH_PATHS = "$(inherited) @executable_path/Frameworks @loader_path/Frameworks";
				PRODUCT_BUNDLE_IDENTIFIER = WZ.WZPageViewExampleUITests;
				PRODUCT_NAME = "$(TARGET_NAME)";
				TEST_TARGET_NAME = WZPageViewExample;
			};
			name = Debug;
		};
		9F8816A01E8C198E006C5C26 /* Release */ = {
			isa = XCBuildConfiguration;
			buildSettings = {
				INFOPLIST_FILE = WZPageViewExampleUITests/Info.plist;
				LD_RUNPATH_SEARCH_PATHS = "$(inherited) @executable_path/Frameworks @loader_path/Frameworks";
				PRODUCT_BUNDLE_IDENTIFIER = WZ.WZPageViewExampleUITests;
				PRODUCT_NAME = "$(TARGET_NAME)";
				TEST_TARGET_NAME = WZPageViewExample;
			};
			name = Release;
		};
/* End XCBuildConfiguration section */

/* Begin XCConfigurationList section */
		9F8816661E8C198E006C5C26 /* Build configuration list for PBXProject "WZPageViewExample" */ = {
			isa = XCConfigurationList;
			buildConfigurations = (
				9F8816961E8C198E006C5C26 /* Debug */,
				9F8816971E8C198E006C5C26 /* Release */,
			);
			defaultConfigurationIsVisible = 0;
			defaultConfigurationName = Release;
		};
		9F8816981E8C198E006C5C26 /* Build configuration list for PBXNativeTarget "WZPageViewExample" */ = {
			isa = XCConfigurationList;
			buildConfigurations = (
				9F8816991E8C198E006C5C26 /* Debug */,
				9F88169A1E8C198E006C5C26 /* Release */,
			);
			defaultConfigurationIsVisible = 0;
		};
		9F88169B1E8C198E006C5C26 /* Build configuration list for PBXNativeTarget "WZPageViewExampleTests" */ = {
			isa = XCConfigurationList;
			buildConfigurations = (
				9F88169C1E8C198E006C5C26 /* Debug */,
				9F88169D1E8C198E006C5C26 /* Release */,
			);
			defaultConfigurationIsVisible = 0;
		};
		9F88169E1E8C198E006C5C26 /* Build configuration list for PBXNativeTarget "WZPageViewExampleUITests" */ = {
			isa = XCConfigurationList;
			buildConfigurations = (
				9F88169F1E8C198E006C5C26 /* Debug */,
				9F8816A01E8C198E006C5C26 /* Release */,
			);
			defaultConfigurationIsVisible = 0;
		};
/* End XCConfigurationList section */
	};
	rootObject = 9F8816631E8C198E006C5C26 /* Project object */;
}
